Microsoft Visual Studio Solution File, Format Version 12.00
# Visual Studio 2013
VisualStudioVersion = 12.0.21005.1
MinimumVisualStudioVersion = 10.0.40219.1
Project("{8BC9CEB8-8B4A-11D0-8D11-00A0C91BC942}") = "rsyncDaemon", "rsyncDaemon\rsyncDaemon_vs140.vcxproj", "{45BD0FC8-77EB-4C78-A908-B2372F2EC2C4}"
EndProject
Project("{8BC9CEB8-8B4A-11D0-8D11-00A0C91BC942}") = "UKEYMonitor", "UKEYMonitor\UKEYMonitor_vs140.vcxproj", "{F5D7C9C8-7D94-4EED-87AA-54511AD3F371}"
EndProject
Project("{8BC9CEB8-8B4A-11D0-8D11-00A0C91BC942}") = "rsyncClient", "rsyncClient\rsyncClient_vs140.vcxproj", "{1A3F3E1E-C79A-467D-AF2C-205BEED84026}"
EndProject
Project("{8BC9CEB8-8B4A-11D0-8D11-00A0C91BC942}") = "RSyncControl", "RSyncControl\RSyncControl.vcxproj", "{4149534D-B780-4CAF-A7CE-BA1E2AF0EACE}"
EndProject
Project("{8BC9CEB8-8B4A-11D0-8D11-00A0C91BC942}") = "TestActivex", "TestActivex\TestActivex.vcxproj", "{48526F90-763B-44DD-88E2-8AD55F65E34B}"
EndProject
Project("{8BC9CEB8-8B4A-11D0-8D11-00A0C91BC942}") = "rsyncAgent", "rsyncAgent\rsyncAgent_vs140.vcxproj", "{4B7348B3-E65F-4C27-B670-BBB244D9C436}"
EndProject
Project("{8BC9CEB8-8B4A-11D0-8D11-00A0C91BC942}") = "TestSuite", "testsuite\TestSuite_vs140.vcxproj", "{F1EE93DF-347F-4CB3-B191-C4E63F38E972}"
EndProject
Global
	GlobalSection(SolutionConfigurationPlatforms) = preSolution
		debug_shared|Any CPU = debug_shared|Any CPU
		debug_shared|Win32 = debug_shared|Win32
		debug_shared|x64 = debug_shared|x64
		debug_static_md|Any CPU = debug_static_md|Any CPU
		debug_static_md|Win32 = debug_static_md|Win32
		debug_static_md|x64 = debug_static_md|x64
		debug_static_mt|Any CPU = debug_static_mt|Any CPU
		debug_static_mt|Win32 = debug_static_mt|Win32
		debug_static_mt|x64 = debug_static_mt|x64
		Debug|Any CPU = Debug|Any CPU
		Debug|Win32 = Debug|Win32
		Debug|x64 = Debug|x64
		release_shared|Any CPU = release_shared|Any CPU
		release_shared|Win32 = release_shared|Win32
		release_shared|x64 = release_shared|x64
		release_static_md|Any CPU = release_static_md|Any CPU
		release_static_md|Win32 = release_static_md|Win32
		release_static_md|x64 = release_static_md|x64
		release_static_mt|Any CPU = release_static_mt|Any CPU
		release_static_mt|Win32 = release_static_mt|Win32
		release_static_mt|x64 = release_static_mt|x64
		Release|Any CPU = Release|Any CPU
		Release|Win32 = Release|Win32
		Release|x64 = Release|x64
	EndGlobalSection
	GlobalSection(ProjectConfigurationPlatforms) = postSolution
		{45BD0FC8-77EB-4C78-A908-B2372F2EC2C4}.debug_shared|Any CPU.ActiveCfg = debug_shared|Win32
		{45BD0FC8-77EB-4C78-A908-B2372F2EC2C4}.debug_shared|Win32.ActiveCfg = debug_shared|Win32
		{45BD0FC8-77EB-4C78-A908-B2372F2EC2C4}.debug_shared|Win32.Build.0 = debug_shared|Win32
		{45BD0FC8-77EB-4C78-A908-B2372F2EC2C4}.debug_shared|x64.ActiveCfg = debug_shared|Win32
		{45BD0FC8-77EB-4C78-A908-B2372F2EC2C4}.debug_static_md|Any CPU.ActiveCfg = debug_static_md|Win32
		{45BD0FC8-77EB-4C78-A908-B2372F2EC2C4}.debug_static_md|Win32.ActiveCfg = debug_static_md|Win32
		{45BD0FC8-77EB-4C78-A908-B2372F2EC2C4}.debug_static_md|Win32.Build.0 = debug_static_md|Win32
		{45BD0FC8-77EB-4C78-A908-B2372F2EC2C4}.debug_static_md|x64.ActiveCfg = debug_static_md|Win32
		{45BD0FC8-77EB-4C78-A908-B2372F2EC2C4}.debug_static_mt|Any CPU.ActiveCfg = debug_static_mt|Win32
		{45BD0FC8-77EB-4C78-A908-B2372F2EC2C4}.debug_static_mt|Win32.ActiveCfg = debug_static_mt|Win32
		{45BD0FC8-77EB-4C78-A908-B2372F2EC2C4}.debug_static_mt|Win32.Build.0 = debug_static_mt|Win32
		{45BD0FC8-77EB-4C78-A908-B2372F2EC2C4}.debug_static_mt|x64.ActiveCfg = debug_static_mt|Win32
		{45BD0FC8-77EB-4C78-A908-B2372F2EC2C4}.Debug|Any CPU.ActiveCfg = debug_shared|Win32
		{45BD0FC8-77EB-4C78-A908-B2372F2EC2C4}.Debug|Any CPU.Build.0 = debug_shared|Win32
		{45BD0FC8-77EB-4C78-A908-B2372F2EC2C4}.Debug|Win32.ActiveCfg = debug_shared|Win32
		{45BD0FC8-77EB-4C78-A908-B2372F2EC2C4}.Debug|Win32.Build.0 = debug_shared|Win32
		{45BD0FC8-77EB-4C78-A908-B2372F2EC2C4}.Debug|x64.ActiveCfg = release_static_mt|Win32
		{45BD0FC8-77EB-4C78-A908-B2372F2EC2C4}.Debug|x64.Build.0 = release_static_mt|Win32
		{45BD0FC8-77EB-4C78-A908-B2372F2EC2C4}.release_shared|Any CPU.ActiveCfg = release_shared|Win32
		{45BD0FC8-77EB-4C78-A908-B2372F2EC2C4}.release_shared|Win32.ActiveCfg = release_shared|Win32
		{45BD0FC8-77EB-4C78-A908-B2372F2EC2C4}.release_shared|Win32.Build.0 = release_shared|Win32
		{45BD0FC8-77EB-4C78-A908-B2372F2EC2C4}.release_shared|x64.ActiveCfg = release_shared|Win32
		{45BD0FC8-77EB-4C78-A908-B2372F2EC2C4}.release_static_md|Any CPU.ActiveCfg = release_static_md|Win32
		{45BD0FC8-77EB-4C78-A908-B2372F2EC2C4}.release_static_md|Win32.ActiveCfg = release_static_md|Win32
		{45BD0FC8-77EB-4C78-A908-B2372F2EC2C4}.release_static_md|Win32.Build.0 = release_static_md|Win32
		{45BD0FC8-77EB-4C78-A908-B2372F2EC2C4}.release_static_md|x64.ActiveCfg = release_static_md|Win32
		{45BD0FC8-77EB-4C78-A908-B2372F2EC2C4}.release_static_mt|Any CPU.ActiveCfg = release_static_mt|Win32
		{45BD0FC8-77EB-4C78-A908-B2372F2EC2C4}.release_static_mt|Win32.ActiveCfg = release_static_mt|Win32
		{45BD0FC8-77EB-4C78-A908-B2372F2EC2C4}.release_static_mt|Win32.Build.0 = release_static_mt|Win32
		{45BD0FC8-77EB-4C78-A908-B2372F2EC2C4}.release_static_mt|x64.ActiveCfg = release_static_mt|Win32
		{45BD0FC8-77EB-4C78-A908-B2372F2EC2C4}.Release|Any CPU.ActiveCfg = debug_shared|Win32
		{45BD0FC8-77EB-4C78-A908-B2372F2EC2C4}.Release|Any CPU.Build.0 = debug_shared|Win32
		{45BD0FC8-77EB-4C78-A908-B2372F2EC2C4}.Release|Win32.ActiveCfg = release_shared|Win32
		{45BD0FC8-77EB-4C78-A908-B2372F2EC2C4}.Release|Win32.Build.0 = release_shared|Win32
		{45BD0FC8-77EB-4C78-A908-B2372F2EC2C4}.Release|x64.ActiveCfg = release_static_mt|Win32
		{45BD0FC8-77EB-4C78-A908-B2372F2EC2C4}.Release|x64.Build.0 = release_static_mt|Win32
		{F5D7C9C8-7D94-4EED-87AA-54511AD3F371}.debug_shared|Any CPU.ActiveCfg = debug_shared|Win32
		{F5D7C9C8-7D94-4EED-87AA-54511AD3F371}.debug_shared|Win32.ActiveCfg = debug_shared|Win32
		{F5D7C9C8-7D94-4EED-87AA-54511AD3F371}.debug_shared|Win32.Build.0 = debug_shared|Win32
		{F5D7C9C8-7D94-4EED-87AA-54511AD3F371}.debug_shared|x64.ActiveCfg = debug_shared|Win32
		{F5D7C9C8-7D94-4EED-87AA-54511AD3F371}.debug_static_md|Any CPU.ActiveCfg = debug_static_md|Win32
		{F5D7C9C8-7D94-4EED-87AA-54511AD3F371}.debug_static_md|Win32.ActiveCfg = debug_static_md|Win32
		{F5D7C9C8-7D94-4EED-87AA-54511AD3F371}.debug_static_md|Win32.Build.0 = debug_static_md|Win32
		{F5D7C9C8-7D94-4EED-87AA-54511AD3F371}.debug_static_md|x64.ActiveCfg = debug_static_md|Win32
		{F5D7C9C8-7D94-4EED-87AA-54511AD3F371}.debug_static_mt|Any CPU.ActiveCfg = debug_static_mt|Win32
		{F5D7C9C8-7D94-4EED-87AA-54511AD3F371}.debug_static_mt|Win32.ActiveCfg = debug_static_mt|Win32
		{F5D7C9C8-7D94-4EED-87AA-54511AD3F371}.debug_static_mt|Win32.Build.0 = debug_static_mt|Win32
		{F5D7C9C8-7D94-4EED-87AA-54511AD3F371}.debug_static_mt|x64.ActiveCfg = debug_static_mt|Win32
		{F5D7C9C8-7D94-4EED-87AA-54511AD3F371}.Debug|Any CPU.ActiveCfg = release_shared|Win32
		{F5D7C9C8-7D94-4EED-87AA-54511AD3F371}.Debug|Any CPU.Build.0 = release_shared|Win32
		{F5D7C9C8-7D94-4EED-87AA-54511AD3F371}.Debug|Win32.ActiveCfg = debug_shared|Win32
		{F5D7C9C8-7D94-4EED-87AA-54511AD3F371}.Debug|Win32.Build.0 = debug_shared|Win32
		{F5D7C9C8-7D94-4EED-87AA-54511AD3F371}.Debug|x64.ActiveCfg = release_static_mt|Win32
		{F5D7C9C8-7D94-4EED-87AA-54511AD3F371}.Debug|x64.Build.0 = release_static_mt|Win32
		{F5D7C9C8-7D94-4EED-87AA-54511AD3F371}.release_shared|Any CPU.ActiveCfg = release_shared|Win32
		{F5D7C9C8-7D94-4EED-87AA-54511AD3F371}.release_shared|Win32.ActiveCfg = release_shared|Win32
		{F5D7C9C8-7D94-4EED-87AA-54511AD3F371}.release_shared|Win32.Build.0 = release_shared|Win32
		{F5D7C9C8-7D94-4EED-87AA-54511AD3F371}.release_shared|x64.ActiveCfg = release_shared|Win32
		{F5D7C9C8-7D94-4EED-87AA-54511AD3F371}.release_static_md|Any CPU.ActiveCfg = release_static_md|Win32
		{F5D7C9C8-7D94-4EED-87AA-54511AD3F371}.release_static_md|Win32.ActiveCfg = release_static_md|Win32
		{F5D7C9C8-7D94-4EED-87AA-54511AD3F371}.release_static_md|Win32.Build.0 = release_static_md|Win32
		{F5D7C9C8-7D94-4EED-87AA-54511AD3F371}.release_static_md|x64.ActiveCfg = release_static_md|Win32
		{F5D7C9C8-7D94-4EED-87AA-54511AD3F371}.release_static_mt|Any CPU.ActiveCfg = release_static_mt|Win32
		{F5D7C9C8-7D94-4EED-87AA-54511AD3F371}.release_static_mt|Win32.ActiveCfg = release_static_mt|Win32
		{F5D7C9C8-7D94-4EED-87AA-54511AD3F371}.release_static_mt|Win32.Build.0 = release_static_mt|Win32
		{F5D7C9C8-7D94-4EED-87AA-54511AD3F371}.release_static_mt|x64.ActiveCfg = release_static_mt|Win32
		{F5D7C9C8-7D94-4EED-87AA-54511AD3F371}.Release|Any CPU.ActiveCfg = release_shared|Win32
		{F5D7C9C8-7D94-4EED-87AA-54511AD3F371}.Release|Any CPU.Build.0 = release_shared|Win32
		{F5D7C9C8-7D94-4EED-87AA-54511AD3F371}.Release|Win32.ActiveCfg = release_shared|Win32
		{F5D7C9C8-7D94-4EED-87AA-54511AD3F371}.Release|Win32.Build.0 = release_shared|Win32
		{F5D7C9C8-7D94-4EED-87AA-54511AD3F371}.Release|x64.ActiveCfg = release_static_mt|Win32
		{F5D7C9C8-7D94-4EED-87AA-54511AD3F371}.Release|x64.Build.0 = release_static_mt|Win32
		{1A3F3E1E-C79A-467D-AF2C-205BEED84026}.debug_shared|Any CPU.ActiveCfg = debug_shared|Win32
		{1A3F3E1E-C79A-467D-AF2C-205BEED84026}.debug_shared|Win32.ActiveCfg = debug_shared|Win32
		{1A3F3E1E-C79A-467D-AF2C-205BEED84026}.debug_shared|Win32.Build.0 = debug_shared|Win32
		{1A3F3E1E-C79A-467D-AF2C-205BEED84026}.debug_shared|x64.ActiveCfg = debug_shared|Win32
		{1A3F3E1E-C79A-467D-AF2C-205BEED84026}.debug_static_md|Any CPU.ActiveCfg = debug_static_md|Win32
		{1A3F3E1E-C79A-467D-AF2C-205BEED84026}.debug_static_md|Win32.ActiveCfg = debug_static_md|Win32
		{1A3F3E1E-C79A-467D-AF2C-205BEED84026}.debug_static_md|Win32.Build.0 = debug_static_md|Win32
		{1A3F3E1E-C79A-467D-AF2C-205BEED84026}.debug_static_md|x64.ActiveCfg = debug_static_md|Win32
		{1A3F3E1E-C79A-467D-AF2C-205BEED84026}.debug_static_mt|Any CPU.ActiveCfg = debug_static_mt|Win32
		{1A3F3E1E-C79A-467D-AF2C-205BEED84026}.debug_static_mt|Win32.ActiveCfg = debug_static_mt|Win32
		{1A3F3E1E-C79A-467D-AF2C-205BEED84026}.debug_static_mt|Win32.Build.0 = debug_static_mt|Win32
		{1A3F3E1E-C79A-467D-AF2C-205BEED84026}.debug_static_mt|x64.ActiveCfg = debug_static_mt|Win32
		{1A3F3E1E-C79A-467D-AF2C-205BEED84026}.Debug|Any CPU.ActiveCfg = debug_shared|Win32
		{1A3F3E1E-C79A-467D-AF2C-205BEED84026}.Debug|Any CPU.Build.0 = debug_shared|Win32
		{1A3F3E1E-C79A-467D-AF2C-205BEED84026}.Debug|Win32.ActiveCfg = debug_shared|Win32
		{1A3F3E1E-C79A-467D-AF2C-205BEED84026}.Debug|x64.ActiveCfg = release_static_mt|Win32
		{1A3F3E1E-C79A-467D-AF2C-205BEED84026}.Debug|x64.Build.0 = release_static_mt|Win32
		{1A3F3E1E-C79A-467D-AF2C-205BEED84026}.release_shared|Any CPU.ActiveCfg = release_shared|Win32
		{1A3F3E1E-C79A-467D-AF2C-205BEED84026}.release_shared|Win32.ActiveCfg = release_shared|Win32
		{1A3F3E1E-C79A-467D-AF2C-205BEED84026}.release_shared|Win32.Build.0 = release_shared|Win32
		{1A3F3E1E-C79A-467D-AF2C-205BEED84026}.release_shared|x64.ActiveCfg = release_shared|Win32
		{1A3F3E1E-C79A-467D-AF2C-205BEED84026}.release_static_md|Any CPU.ActiveCfg = release_static_md|Win32
		{1A3F3E1E-C79A-467D-AF2C-205BEED84026}.release_static_md|Win32.ActiveCfg = release_static_md|Win32
		{1A3F3E1E-C79A-467D-AF2C-205BEED84026}.release_static_md|Win32.Build.0 = release_static_md|Win32
		{1A3F3E1E-C79A-467D-AF2C-205BEED84026}.release_static_md|x64.ActiveCfg = release_static_md|Win32
		{1A3F3E1E-C79A-467D-AF2C-205BEED84026}.release_static_mt|Any CPU.ActiveCfg = release_static_mt|Win32
		{1A3F3E1E-C79A-467D-AF2C-205BEED84026}.release_static_mt|Win32.ActiveCfg = release_static_mt|Win32
		{1A3F3E1E-C79A-467D-AF2C-205BEED84026}.release_static_mt|Win32.Build.0 = release_static_mt|Win32
		{1A3F3E1E-C79A-467D-AF2C-205BEED84026}.release_static_mt|x64.ActiveCfg = release_static_mt|Win32
		{1A3F3E1E-C79A-467D-AF2C-205BEED84026}.Release|Any CPU.ActiveCfg = debug_shared|Win32
		{1A3F3E1E-C79A-467D-AF2C-205BEED84026}.Release|Any CPU.Build.0 = debug_shared|Win32
		{1A3F3E1E-C79A-467D-AF2C-205BEED84026}.Release|Win32.ActiveCfg = release_shared|Win32
		{1A3F3E1E-C79A-467D-AF2C-205BEED84026}.Release|x64.ActiveCfg = release_static_mt|Win32
		{1A3F3E1E-C79A-467D-AF2C-205BEED84026}.Release|x64.Build.0 = release_static_mt|Win32
		{4149534D-B780-4CAF-A7CE-BA1E2AF0EACE}.debug_shared|Any CPU.ActiveCfg = Release|x64
		{4149534D-B780-4CAF-A7CE-BA1E2AF0EACE}.debug_shared|Any CPU.Build.0 = Release|x64
		{4149534D-B780-4CAF-A7CE-BA1E2AF0EACE}.debug_shared|Win32.ActiveCfg = Debug|Win32
		{4149534D-B780-4CAF-A7CE-BA1E2AF0EACE}.debug_shared|Win32.Build.0 = Debug|Win32
		{4149534D-B780-4CAF-A7CE-BA1E2AF0EACE}.debug_shared|x64.ActiveCfg = Debug|x64
		{4149534D-B780-4CAF-A7CE-BA1E2AF0EACE}.debug_shared|x64.Build.0 = Debug|x64
		{4149534D-B780-4CAF-A7CE-BA1E2AF0EACE}.debug_static_md|Any CPU.ActiveCfg = Release|x64
		{4149534D-B780-4CAF-A7CE-BA1E2AF0EACE}.debug_static_md|Any CPU.Build.0 = Release|x64
		{4149534D-B780-4CAF-A7CE-BA1E2AF0EACE}.debug_static_md|Win32.ActiveCfg = Debug|Win32
		{4149534D-B780-4CAF-A7CE-BA1E2AF0EACE}.debug_static_md|Win32.Build.0 = Debug|Win32
		{4149534D-B780-4CAF-A7CE-BA1E2AF0EACE}.debug_static_md|x64.ActiveCfg = Debug|x64
		{4149534D-B780-4CAF-A7CE-BA1E2AF0EACE}.debug_static_md|x64.Build.0 = Debug|x64
		{4149534D-B780-4CAF-A7CE-BA1E2AF0EACE}.debug_static_mt|Any CPU.ActiveCfg = Release|x64
		{4149534D-B780-4CAF-A7CE-BA1E2AF0EACE}.debug_static_mt|Any CPU.Build.0 = Release|x64
		{4149534D-B780-4CAF-A7CE-BA1E2AF0EACE}.debug_static_mt|Win32.ActiveCfg = Debug|Win32
		{4149534D-B780-4CAF-A7CE-BA1E2AF0EACE}.debug_static_mt|Win32.Build.0 = Debug|Win32
		{4149534D-B780-4CAF-A7CE-BA1E2AF0EACE}.debug_static_mt|x64.ActiveCfg = Debug|x64
		{4149534D-B780-4CAF-A7CE-BA1E2AF0EACE}.debug_static_mt|x64.Build.0 = Debug|x64
		{4149534D-B780-4CAF-A7CE-BA1E2AF0EACE}.Debug|Any CPU.ActiveCfg = Debug|Win32
		{4149534D-B780-4CAF-A7CE-BA1E2AF0EACE}.Debug|Win32.ActiveCfg = Debug|Win32
		{4149534D-B780-4CAF-A7CE-BA1E2AF0EACE}.Debug|Win32.Build.0 = Debug|Win32
		{4149534D-B780-4CAF-A7CE-BA1E2AF0EACE}.Debug|x64.ActiveCfg = Debug|x64
		{4149534D-B780-4CAF-A7CE-BA1E2AF0EACE}.Debug|x64.Build.0 = Debug|x64
		{4149534D-B780-4CAF-A7CE-BA1E2AF0EACE}.release_shared|Any CPU.ActiveCfg = Release|x64
		{4149534D-B780-4CAF-A7CE-BA1E2AF0EACE}.release_shared|Any CPU.Build.0 = Release|x64
		{4149534D-B780-4CAF-A7CE-BA1E2AF0EACE}.release_shared|Win32.ActiveCfg = Release|Win32
		{4149534D-B780-4CAF-A7CE-BA1E2AF0EACE}.release_shared|Win32.Build.0 = Release|Win32
		{4149534D-B780-4CAF-A7CE-BA1E2AF0EACE}.release_shared|x64.ActiveCfg = Release|x64
		{4149534D-B780-4CAF-A7CE-BA1E2AF0EACE}.release_shared|x64.Build.0 = Release|x64
		{4149534D-B780-4CAF-A7CE-BA1E2AF0EACE}.release_static_md|Any CPU.ActiveCfg = Release|x64
		{4149534D-B780-4CAF-A7CE-BA1E2AF0EACE}.release_static_md|Any CPU.Build.0 = Release|x64
		{4149534D-B780-4CAF-A7CE-BA1E2AF0EACE}.release_static_md|Win32.ActiveCfg = Release|Win32
		{4149534D-B780-4CAF-A7CE-BA1E2AF0EACE}.release_static_md|Win32.Build.0 = Release|Win32
		{4149534D-B780-4CAF-A7CE-BA1E2AF0EACE}.release_static_md|x64.ActiveCfg = Release|x64
		{4149534D-B780-4CAF-A7CE-BA1E2AF0EACE}.release_static_md|x64.Build.0 = Release|x64
		{4149534D-B780-4CAF-A7CE-BA1E2AF0EACE}.release_static_mt|Any CPU.ActiveCfg = Release|x64
		{4149534D-B780-4CAF-A7CE-BA1E2AF0EACE}.release_static_mt|Any CPU.Build.0 = Release|x64
		{4149534D-B780-4CAF-A7CE-BA1E2AF0EACE}.release_static_mt|Win32.ActiveCfg = Release|Win32
		{4149534D-B780-4CAF-A7CE-BA1E2AF0EACE}.release_static_mt|Win32.Build.0 = Release|Win32
		{4149534D-B780-4CAF-A7CE-BA1E2AF0EACE}.release_static_mt|x64.ActiveCfg = Release|x64
		{4149534D-B780-4CAF-A7CE-BA1E2AF0EACE}.release_static_mt|x64.Build.0 = Release|x64
		{4149534D-B780-4CAF-A7CE-BA1E2AF0EACE}.Release|Any CPU.ActiveCfg = Release|Win32
		{4149534D-B780-4CAF-A7CE-BA1E2AF0EACE}.Release|Win32.ActiveCfg = Release|Win32
		{4149534D-B780-4CAF-A7CE-BA1E2AF0EACE}.Release|Win32.Build.0 = Release|Win32
		{4149534D-B780-4CAF-A7CE-BA1E2AF0EACE}.Release|x64.ActiveCfg = Release|x64
		{4149534D-B780-4CAF-A7CE-BA1E2AF0EACE}.Release|x64.Build.0 = Release|x64
		{48526F90-763B-44DD-88E2-8AD55F65E34B}.debug_shared|Any CPU.ActiveCfg = Release|x64
		{48526F90-763B-44DD-88E2-8AD55F65E34B}.debug_shared|Any CPU.Build.0 = Release|x64
		{48526F90-763B-44DD-88E2-8AD55F65E34B}.debug_shared|Win32.ActiveCfg = Debug|Win32
		{48526F90-763B-44DD-88E2-8AD55F65E34B}.debug_shared|Win32.Build.0 = Debug|Win32
		{48526F90-763B-44DD-88E2-8AD55F65E34B}.debug_shared|x64.ActiveCfg = Debug|x64
		{48526F90-763B-44DD-88E2-8AD55F65E34B}.debug_shared|x64.Build.0 = Debug|x64
		{48526F90-763B-44DD-88E2-8AD55F65E34B}.debug_static_md|Any CPU.ActiveCfg = Release|x64
		{48526F90-763B-44DD-88E2-8AD55F65E34B}.debug_static_md|Any CPU.Build.0 = Release|x64
		{48526F90-763B-44DD-88E2-8AD55F65E34B}.debug_static_md|Win32.ActiveCfg = Debug|Win32
		{48526F90-763B-44DD-88E2-8AD55F65E34B}.debug_static_md|Win32.Build.0 = Debug|Win32
		{48526F90-763B-44DD-88E2-8AD55F65E34B}.debug_static_md|x64.ActiveCfg = Debug|x64
		{48526F90-763B-44DD-88E2-8AD55F65E34B}.debug_static_md|x64.Build.0 = Debug|x64
		{48526F90-763B-44DD-88E2-8AD55F65E34B}.debug_static_mt|Any CPU.ActiveCfg = Release|x64
		{48526F90-763B-44DD-88E2-8AD55F65E34B}.debug_static_mt|Any CPU.Build.0 = Release|x64
		{48526F90-763B-44DD-88E2-8AD55F65E34B}.debug_static_mt|Win32.ActiveCfg = Debug|Win32
		{48526F90-763B-44DD-88E2-8AD55F65E34B}.debug_static_mt|Win32.Build.0 = Debug|Win32
		{48526F90-763B-44DD-88E2-8AD55F65E34B}.debug_static_mt|x64.ActiveCfg = Debug|x64
		{48526F90-763B-44DD-88E2-8AD55F65E34B}.debug_static_mt|x64.Build.0 = Debug|x64
		{48526F90-763B-44DD-88E2-8AD55F65E34B}.Debug|Any CPU.ActiveCfg = Debug|Win32
		{48526F90-763B-44DD-88E2-8AD55F65E34B}.Debug|Win32.ActiveCfg = Debug|Win32
		{48526F90-763B-44DD-88E2-8AD55F65E34B}.Debug|Win32.Build.0 = Debug|Win32
		{48526F90-763B-44DD-88E2-8AD55F65E34B}.Debug|x64.ActiveCfg = Debug|x64
		{48526F90-763B-44DD-88E2-8AD55F65E34B}.Debug|x64.Build.0 = Debug|x64
		{48526F90-763B-44DD-88E2-8AD55F65E34B}.release_shared|Any CPU.ActiveCfg = Release|x64
		{48526F90-763B-44DD-88E2-8AD55F65E34B}.release_shared|Any CPU.Build.0 = Release|x64
		{48526F90-763B-44DD-88E2-8AD55F65E34B}.release_shared|Win32.ActiveCfg = Release|Win32
		{48526F90-763B-44DD-88E2-8AD55F65E34B}.release_shared|Win32.Build.0 = Release|Win32
		{48526F90-763B-44DD-88E2-8AD55F65E34B}.release_shared|x64.ActiveCfg = Release|x64
		{48526F90-763B-44DD-88E2-8AD55F65E34B}.release_shared|x64.Build.0 = Release|x64
		{48526F90-763B-44DD-88E2-8AD55F65E34B}.release_static_md|Any CPU.ActiveCfg = Release|x64
		{48526F90-763B-44DD-88E2-8AD55F65E34B}.release_static_md|Any CPU.Build.0 = Release|x64
		{48526F90-763B-44DD-88E2-8AD55F65E34B}.release_static_md|Win32.ActiveCfg = Release|Win32
		{48526F90-763B-44DD-88E2-8AD55F65E34B}.release_static_md|Win32.Build.0 = Release|Win32
		{48526F90-763B-44DD-88E2-8AD55F65E34B}.release_static_md|x64.ActiveCfg = Release|x64
		{48526F90-763B-44DD-88E2-8AD55F65E34B}.release_static_md|x64.Build.0 = Release|x64
		{48526F90-763B-44DD-88E2-8AD55F65E34B}.release_static_mt|Any CPU.ActiveCfg = Release|x64
		{48526F90-763B-44DD-88E2-8AD55F65E34B}.release_static_mt|Any CPU.Build.0 = Release|x64
		{48526F90-763B-44DD-88E2-8AD55F65E34B}.release_static_mt|Win32.ActiveCfg = Release|Win32
		{48526F90-763B-44DD-88E2-8AD55F65E34B}.release_static_mt|Win32.Build.0 = Release|Win32
		{48526F90-763B-44DD-88E2-8AD55F65E34B}.release_static_mt|x64.ActiveCfg = Release|x64
		{48526F90-763B-44DD-88E2-8AD55F65E34B}.release_static_mt|x64.Build.0 = Release|x64
		{48526F90-763B-44DD-88E2-8AD55F65E34B}.Release|Any CPU.ActiveCfg = Release|Win32
		{48526F90-763B-44DD-88E2-8AD55F65E34B}.Release|Win32.ActiveCfg = Release|Win32
		{48526F90-763B-44DD-88E2-8AD55F65E34B}.Release|Win32.Build.0 = Release|Win32
		{48526F90-763B-44DD-88E2-8AD55F65E34B}.Release|x64.ActiveCfg = Release|x64
		{48526F90-763B-44DD-88E2-8AD55F65E34B}.Release|x64.Build.0 = Release|x64
		{4B7348B3-E65F-4C27-B670-BBB244D9C436}.debug_shared|Any CPU.ActiveCfg = debug_shared|Win32
		{4B7348B3-E65F-4C27-B670-BBB244D9C436}.debug_shared|Win32.ActiveCfg = debug_shared|Win32
		{4B7348B3-E65F-4C27-B670-BBB244D9C436}.debug_shared|Win32.Build.0 = debug_shared|Win32
		{4B7348B3-E65F-4C27-B670-BBB244D9C436}.debug_shared|x64.ActiveCfg = debug_shared|Win32
		{4B7348B3-E65F-4C27-B670-BBB244D9C436}.debug_static_md|Any CPU.ActiveCfg = debug_static_md|Win32
		{4B7348B3-E65F-4C27-B670-BBB244D9C436}.debug_static_md|Win32.ActiveCfg = debug_static_md|Win32
		{4B7348B3-E65F-4C27-B670-BBB244D9C436}.debug_static_md|Win32.Build.0 = debug_static_md|Win32
		{4B7348B3-E65F-4C27-B670-BBB244D9C436}.debug_static_md|x64.ActiveCfg = debug_static_md|Win32
		{4B7348B3-E65F-4C27-B670-BBB244D9C436}.debug_static_mt|Any CPU.ActiveCfg = debug_static_mt|Win32
		{4B7348B3-E65F-4C27-B670-BBB244D9C436}.debug_static_mt|Win32.ActiveCfg = debug_static_mt|Win32
		{4B7348B3-E65F-4C27-B670-BBB244D9C436}.debug_static_mt|Win32.Build.0 = debug_static_mt|Win32
		{4B7348B3-E65F-4C27-B670-BBB244D9C436}.debug_static_mt|x64.ActiveCfg = debug_static_mt|Win32
		{4B7348B3-E65F-4C27-B670-BBB244D9C436}.Debug|Any CPU.ActiveCfg = release_static_mt|Win32
		{4B7348B3-E65F-4C27-B670-BBB244D9C436}.Debug|Any CPU.Build.0 = release_static_mt|Win32
		{4B7348B3-E65F-4C27-B670-BBB244D9C436}.Debug|Win32.ActiveCfg = debug_shared|Win32
		{4B7348B3-E65F-4C27-B670-BBB244D9C436}.Debug|Win32.Build.0 = debug_shared|Win32
		{4B7348B3-E65F-4C27-B670-BBB244D9C436}.Debug|x64.ActiveCfg = release_static_mt|Win32
		{4B7348B3-E65F-4C27-B670-BBB244D9C436}.Debug|x64.Build.0 = release_static_mt|Win32
		{4B7348B3-E65F-4C27-B670-BBB244D9C436}.release_shared|Any CPU.ActiveCfg = release_shared|Win32
		{4B7348B3-E65F-4C27-B670-BBB244D9C436}.release_shared|Win32.ActiveCfg = release_shared|Win32
		{4B7348B3-E65F-4C27-B670-BBB244D9C436}.release_shared|Win32.Build.0 = release_shared|Win32
		{4B7348B3-E65F-4C27-B670-BBB244D9C436}.release_shared|x64.ActiveCfg = release_shared|Win32
		{4B7348B3-E65F-4C27-B670-BBB244D9C436}.release_static_md|Any CPU.ActiveCfg = release_static_md|Win32
		{4B7348B3-E65F-4C27-B670-BBB244D9C436}.release_static_md|Win32.ActiveCfg = release_static_md|Win32
		{4B7348B3-E65F-4C27-B670-BBB244D9C436}.release_static_md|Win32.Build.0 = release_static_md|Win32
		{4B7348B3-E65F-4C27-B670-BBB244D9C436}.release_static_md|x64.ActiveCfg = release_static_md|Win32
		{4B7348B3-E65F-4C27-B670-BBB244D9C436}.release_static_mt|Any CPU.ActiveCfg = release_static_mt|Win32
		{4B7348B3-E65F-4C27-B670-BBB244D9C436}.release_static_mt|Win32.ActiveCfg = release_static_mt|Win32
		{4B7348B3-E65F-4C27-B670-BBB244D9C436}.release_static_mt|Win32.Build.0 = release_static_mt|Win32
		{4B7348B3-E65F-4C27-B670-BBB244D9C436}.release_static_mt|x64.ActiveCfg = release_static_mt|Win32
		{4B7348B3-E65F-4C27-B670-BBB244D9C436}.Release|Any CPU.ActiveCfg = release_static_mt|Win32
		{4B7348B3-E65F-4C27-B670-BBB244D9C436}.Release|Any CPU.Build.0 = release_static_mt|Win32
		{4B7348B3-E65F-4C27-B670-BBB244D9C436}.Release|Win32.ActiveCfg = release_shared|Win32
		{4B7348B3-E65F-4C27-B670-BBB244D9C436}.Release|Win32.Build.0 = release_shared|Win32
		{4B7348B3-E65F-4C27-B670-BBB244D9C436}.Release|x64.ActiveCfg = release_static_mt|Win32
		{4B7348B3-E65F-4C27-B670-BBB244D9C436}.Release|x64.Build.0 = release_static_mt|Win32
		{F1EE93DF-347F-4CB3-B191-C4E63F38E972}.debug_shared|Any CPU.ActiveCfg = debug_shared|Win32
		{F1EE93DF-347F-4CB3-B191-C4E63F38E972}.debug_shared|Win32.ActiveCfg = debug_shared|Win32
		{F1EE93DF-347F-4CB3-B191-C4E63F38E972}.debug_shared|Win32.Build.0 = debug_shared|Win32
		{F1EE93DF-347F-4CB3-B191-C4E63F38E972}.debug_shared|x64.ActiveCfg = debug_shared|Win32
		{F1EE93DF-347F-4CB3-B191-C4E63F38E972}.debug_static_md|Any CPU.ActiveCfg = debug_static_md|Win32
		{F1EE93DF-347F-4CB3-B191-C4E63F38E972}.debug_static_md|Win32.ActiveCfg = debug_static_md|Win32
		{F1EE93DF-347F-4CB3-B191-C4E63F38E972}.debug_static_md|Win32.Build.0 = debug_static_md|Win32
		{F1EE93DF-347F-4CB3-B191-C4E63F38E972}.debug_static_md|x64.ActiveCfg = debug_static_md|Win32
		{F1EE93DF-347F-4CB3-B191-C4E63F38E972}.debug_static_mt|Any CPU.ActiveCfg = debug_static_mt|Win32
		{F1EE93DF-347F-4CB3-B191-C4E63F38E972}.debug_static_mt|Win32.ActiveCfg = debug_static_mt|Win32
		{F1EE93DF-347F-4CB3-B191-C4E63F38E972}.debug_static_mt|Win32.Build.0 = debug_static_mt|Win32
		{F1EE93DF-347F-4CB3-B191-C4E63F38E972}.debug_static_mt|x64.ActiveCfg = debug_static_mt|Win32
		{F1EE93DF-347F-4CB3-B191-C4E63F38E972}.Debug|Any CPU.ActiveCfg = release_static_mt|Win32
		{F1EE93DF-347F-4CB3-B191-C4E63F38E972}.Debug|Any CPU.Build.0 = release_static_mt|Win32
		{F1EE93DF-347F-4CB3-B191-C4E63F38E972}.Debug|Win32.ActiveCfg = debug_shared|Win32
		{F1EE93DF-347F-4CB3-B191-C4E63F38E972}.Debug|Win32.Build.0 = debug_shared|Win32
		{F1EE93DF-347F-4CB3-B191-C4E63F38E972}.Debug|x64.ActiveCfg = release_static_mt|Win32
		{F1EE93DF-347F-4CB3-B191-C4E63F38E972}.Debug|x64.Build.0 = release_static_mt|Win32
		{F1EE93DF-347F-4CB3-B191-C4E63F38E972}.release_shared|Any CPU.ActiveCfg = release_shared|Win32
		{F1EE93DF-347F-4CB3-B191-C4E63F38E972}.release_shared|Win32.ActiveCfg = release_shared|Win32
		{F1EE93DF-347F-4CB3-B191-C4E63F38E972}.release_shared|Win32.Build.0 = release_shared|Win32
		{F1EE93DF-347F-4CB3-B191-C4E63F38E972}.release_shared|x64.ActiveCfg = release_shared|Win32
		{F1EE93DF-347F-4CB3-B191-C4E63F38E972}.release_static_md|Any CPU.ActiveCfg = release_static_md|Win32
		{F1EE93DF-347F-4CB3-B191-C4E63F38E972}.release_static_md|Win32.ActiveCfg = release_static_md|Win32
		{F1EE93DF-347F-4CB3-B191-C4E63F38E972}.release_static_md|Win32.Build.0 = release_static_md|Win32
		{F1EE93DF-347F-4CB3-B191-C4E63F38E972}.release_static_md|x64.ActiveCfg = release_static_md|Win32
		{F1EE93DF-347F-4CB3-B191-C4E63F38E972}.release_static_mt|Any CPU.ActiveCfg = release_static_mt|Win32
		{F1EE93DF-347F-4CB3-B191-C4E63F38E972}.release_static_mt|Win32.ActiveCfg = release_static_mt|Win32
		{F1EE93DF-347F-4CB3-B191-C4E63F38E972}.release_static_mt|Win32.Build.0 = release_static_mt|Win32
		{F1EE93DF-347F-4CB3-B191-C4E63F38E972}.release_static_mt|x64.ActiveCfg = release_static_mt|Win32
		{F1EE93DF-347F-4CB3-B191-C4E63F38E972}.Release|Any CPU.ActiveCfg = release_static_mt|Win32
		{F1EE93DF-347F-4CB3-B191-C4E63F38E972}.Release|Any CPU.Build.0 = release_static_mt|Win32
		{F1EE93DF-347F-4CB3-B191-C4E63F38E972}.Release|Win32.ActiveCfg = release_shared|Win32
		{F1EE93DF-347F-4CB3-B191-C4E63F38E972}.Release|Win32.Build.0 = release_shared|Win32
		{F1EE93DF-347F-4CB3-B191-C4E63F38E972}.Release|x64.ActiveCfg = release_static_mt|Win32
		{F1EE93DF-347F-4CB3-B191-C4E63F38E972}.Release|x64.Build.0 = release_static_mt|Win32
	EndGlobalSection
	GlobalSection(SolutionProperties) = preSolution
		HideSolutionNode = FALSE
	EndGlobalSection
	GlobalSection(ExtensibilityGlobals) = postSolution
		SolutionGuid = {63D7FFCC-B76F-4BB8-9245-F3B17A55B6B3}
	EndGlobalSection
EndGlobal
